
Microsoft Visual Studio Solution File, Format Version 12.00
# Visual Studio 15
VisualStudioVersion = 15.0.28307.852
MinimumVisualStudioVersion = 10.0.40219.1
Project("{FAE04EC0-301F-11D3-BF4B-00C04F79EFBC}") = "CodingProblem1", "CodingProblem1\CodingProblem1.csproj", "{6B7AEE56-66D9-4FC4-A11A-F79FF1241AD9}"
EndProject
Project("{FAE04EC0-301F-11D3-BF4B-00C04F79EFBC}") = "CodingProblem2And3", "CodingProblem2And3\CodingProblem2And3.csproj", "{C9950DE4-FE74-49E5-B598-1D664F7BCED0}"
EndProject
Project("{FAE04EC0-301F-11D3-BF4B-00C04F79EFBC}") = "UnitTestProject1", "UnitTestProject1\UnitTestProject1.csproj", "{2F4036B5-BBA6-4228-9960-9883C86086C7}"
EndProject
Project("{2150E333-8FDC-42A3-9474-1A3956D46DE8}") = "Solution Files", "Solution Files", "{5BCE9D04-8CA2-4C5E-92D2-4FE933FCD685}"
	ProjectSection(SolutionItems) = preProject
		.gitignore = .gitignore
		README.md = README.md
	EndProjectSection
EndProject
Global
	GlobalSection(SolutionConfigurationPlatforms) = preSolution
		Debug|Any CPU = Debug|Any CPU
		Release|Any CPU = Release|Any CPU
	EndGlobalSection
	GlobalSection(ProjectConfigurationPlatforms) = postSolution
		{6B7AEE56-66D9-4FC4-A11A-F79FF1241AD9}.Debug|Any CPU.ActiveCfg = Debug|Any CPU
		{6B7AEE56-66D9-4FC4-A11A-F79FF1241AD9}.Debug|Any CPU.Build.0 = Debug|Any CPU
		{6B7AEE56-66D9-4FC4-A11A-F79FF1241AD9}.Release|Any CPU.ActiveCfg = Release|Any CPU
		{6B7AEE56-66D9-4FC4-A11A-F79FF1241AD9}.Release|Any CPU.Build.0 = Release|Any CPU
		{C9950DE4-FE74-49E5-B598-1D664F7BCED0}.Debug|Any CPU.ActiveCfg = Debug|Any CPU
		{C9950DE4-FE74-49E5-B598-1D664F7BCED0}.Debug|Any CPU.Build.0 = Debug|Any CPU
		{C9950DE4-FE74-49E5-B598-1D664F7BCED0}.Release|Any CPU.ActiveCfg = Release|Any CPU
		{C9950DE4-FE74-49E5-B598-1D664F7BCED0}.Release|Any CPU.Build.0 = Release|Any CPU
		{2F4036B5-BBA6-4228-9960-9883C86086C7}.Debug|Any CPU.ActiveCfg = Debug|Any CPU
		{2F4036B5-BBA6-4228-9960-9883C86086C7}.Debug|Any CPU.Build.0 = Debug|Any CPU
		{2F4036B5-BBA6-4228-9960-9883C86086C7}.Release|Any CPU.ActiveCfg = Release|Any CPU
		{2F4036B5-BBA6-4228-9960-9883C86086C7}.Release|Any CPU.Build.0 = Release|Any CPU
	EndGlobalSection
	GlobalSection(SolutionProperties) = preSolution
		HideSolutionNode = FALSE
	EndGlobalSection
	GlobalSection(ExtensibilityGlobals) = postSolution
		SolutionGuid = {2424FEDA-AA96-4B6C-B020-540039EB7897}
	EndGlobalSection
EndGlobal
